
Microsoft Visual Studio Solution File, Format Version 12.00
# Visual Studio Version 17
VisualStudioVersion = 17.14.36401.2 d17.14
MinimumVisualStudioVersion = 10.0.40219.1
Project("{FAE04EC0-301F-11D3-BF4B-00C04F79EFBC}") = "SnusRanking", "SnusRanking\SnusRanking.csproj", "{FE2604F7-7E8F-4633-AA9A-71AAF8884E07}"
EndProject
Global
	GlobalSection(SolutionConfigurationPlatforms) = preSolution
		Debug|Any CPU = Debug|Any CPU
		Release|Any CPU = Release|Any CPU
	EndGlobalSection
	GlobalSection(ProjectConfigurationPlatforms) = postSolution
		{FE2604F7-7E8F-4633-AA9A-71AAF8884E07}.Debug|Any CPU.ActiveCfg = Debug|Any CPU
		{FE2604F7-7E8F-4633-AA9A-71AAF8884E07}.Debug|Any CPU.Build.0 = Debug|Any CPU
		{FE2604F7-7E8F-4633-AA9A-71AAF8884E07}.Release|Any CPU.ActiveCfg = Release|Any CPU
		{FE2604F7-7E8F-4633-AA9A-71AAF8884E07}.Release|Any CPU.Build.0 = Release|Any CPU
	EndGlobalSection
	GlobalSection(SolutionProperties) = preSolution
		HideSolutionNode = FALSE
	EndGlobalSection
	GlobalSection(ExtensibilityGlobals) = postSolution
		SolutionGuid = {05BD81D4-7EC1-4B8F-8CF9-2CEDA3553F1E}
	EndGlobalSection
EndGlobal
